
Microsoft Visual Studio Solution File, Format Version 12.00
# Visual Studio Version 17
VisualStudioVersion = 17.14.36429.23 d17.14
MinimumVisualStudioVersion = 10.0.40219.1
Project("{FAE04EC0-301F-11D3-BF4B-00C04F79EFBC}") = "PP_Lab3", "PP_Lab3\PP_Lab3.csproj", "{B98A554A-5A4A-4452-97E6-A16070C7328C}"
EndProject
Global
	GlobalSection(SolutionConfigurationPlatforms) = preSolution
		Debug|Any CPU = Debug|Any CPU
		Release|Any CPU = Release|Any CPU
	EndGlobalSection
	GlobalSection(ProjectConfigurationPlatforms) = postSolution
		{B98A554A-5A4A-4452-97E6-A16070C7328C}.Debug|Any CPU.ActiveCfg = Debug|Any CPU
		{B98A554A-5A4A-4452-97E6-A16070C7328C}.Debug|Any CPU.Build.0 = Debug|Any CPU
		{B98A554A-5A4A-4452-97E6-A16070C7328C}.Release|Any CPU.ActiveCfg = Release|Any CPU
		{B98A554A-5A4A-4452-97E6-A16070C7328C}.Release|Any CPU.Build.0 = Release|Any CPU
	EndGlobalSection
	GlobalSection(SolutionProperties) = preSolution
		HideSolutionNode = FALSE
	EndGlobalSection
	GlobalSection(ExtensibilityGlobals) = postSolution
		SolutionGuid = {DE669C39-786C-4611-80AE-D213A5DA99EE}
	EndGlobalSection
EndGlobal
