
Microsoft Visual Studio Solution File, Format Version 12.00
# Visual Studio Version 17
VisualStudioVersion = 17.14.36429.23 d17.14
MinimumVisualStudioVersion = 10.0.40219.1
Project("{FAE04EC0-301F-11D3-BF4B-00C04F79EFBC}") = "Test", "Test\Test.csproj", "{57A7A208-7433-4572-94D6-03116AB8469C}"
EndProject
Global
	GlobalSection(SolutionConfigurationPlatforms) = preSolution
		Debug|Any CPU = Debug|Any CPU
		Release|Any CPU = Release|Any CPU
	EndGlobalSection
	GlobalSection(ProjectConfigurationPlatforms) = postSolution
		{57A7A208-7433-4572-94D6-03116AB8469C}.Debug|Any CPU.ActiveCfg = Debug|Any CPU
		{57A7A208-7433-4572-94D6-03116AB8469C}.Debug|Any CPU.Build.0 = Debug|Any CPU
		{57A7A208-7433-4572-94D6-03116AB8469C}.Release|Any CPU.ActiveCfg = Release|Any CPU
		{57A7A208-7433-4572-94D6-03116AB8469C}.Release|Any CPU.Build.0 = Release|Any CPU
	EndGlobalSection
	GlobalSection(SolutionProperties) = preSolution
		HideSolutionNode = FALSE
	EndGlobalSection
	GlobalSection(ExtensibilityGlobals) = postSolution
		SolutionGuid = {424A9FF4-C16B-4AC7-99EA-C38030420CA2}
	EndGlobalSection
EndGlobal
