
Microsoft Visual Studio Solution File, Format Version 12.00
# Visual Studio Version 17
VisualStudioVersion = 17.14.36429.23 d17.14
MinimumVisualStudioVersion = 10.0.40219.1
Project("{FAE04EC0-301F-11D3-BF4B-00C04F79EFBC}") = "Lab6", "Lab6\Lab6.csproj", "{48FC96C7-F114-49BD-B43A-6ADF1402BAE7}"
EndProject
Global
	GlobalSection(SolutionConfigurationPlatforms) = preSolution
		Debug|Any CPU = Debug|Any CPU
		Release|Any CPU = Release|Any CPU
	EndGlobalSection
	GlobalSection(ProjectConfigurationPlatforms) = postSolution
		{48FC96C7-F114-49BD-B43A-6ADF1402BAE7}.Debug|Any CPU.ActiveCfg = Debug|Any CPU
		{48FC96C7-F114-49BD-B43A-6ADF1402BAE7}.Debug|Any CPU.Build.0 = Debug|Any CPU
		{48FC96C7-F114-49BD-B43A-6ADF1402BAE7}.Release|Any CPU.ActiveCfg = Release|Any CPU
		{48FC96C7-F114-49BD-B43A-6ADF1402BAE7}.Release|Any CPU.Build.0 = Release|Any CPU
	EndGlobalSection
	GlobalSection(SolutionProperties) = preSolution
		HideSolutionNode = FALSE
	EndGlobalSection
	GlobalSection(ExtensibilityGlobals) = postSolution
		SolutionGuid = {9CDBD310-E6BE-4B5A-AC34-7A618AB43753}
	EndGlobalSection
EndGlobal
